// !$*UTF8*$!
{
	archiveVersion = 1;
	classes = {
	};
	objectVersion = 46;
	objects = {

/* Begin PBXBuildFile section */
		18A13DE61CC8DC3A00F1AE32 /* libEaseMobClientSDK.a in Frameworks */ = {isa = PBXBuildFile; fileRef = 18A13DE21CC8DC3A00F1AE32 /* libEaseMobClientSDK.a */; };
		18A13DE71CC8DC3A00F1AE32 /* libEaseMobClientSDKLite.a in Frameworks */ = {isa = PBXBuildFile; fileRef = 18A13DE31CC8DC3A00F1AE32 /* libEaseMobClientSDKLite.a */; };
		18A13DE81CC8DC3A00F1AE32 /* EaseMob.bundle in Resources */ = {isa = PBXBuildFile; fileRef = 18A13DE51CC8DC3A00F1AE32 /* EaseMob.bundle */; };
		18A13DEA1CC8DC7000F1AE32 /* MobileCoreServices.framework in Frameworks */ = {isa = PBXBuildFile; fileRef = 18A13DE91CC8DC7000F1AE32 /* MobileCoreServices.framework */; };
		18A13DEC1CC8DC7900F1AE32 /* CFNetwork.framework in Frameworks */ = {isa = PBXBuildFile; fileRef = 18A13DEB1CC8DC7900F1AE32 /* CFNetwork.framework */; };
		18A13DEE1CC8DC8C00F1AE32 /* libstdc++.6.0.9.tbd in Frameworks */ = {isa = PBXBuildFile; fileRef = 18A13DED1CC8DC8C00F1AE32 /* libstdc++.6.0.9.tbd */; };
		18A13DF01CC8DC9500F1AE32 /* libsqlite3.tbd in Frameworks */ = {isa = PBXBuildFile; fileRef = 18A13DEF1CC8DC9500F1AE32 /* libsqlite3.tbd */; };
		18A13DF21CC8DC9D00F1AE32 /* libxml2.tbd in Frameworks */ = {isa = PBXBuildFile; fileRef = 18A13DF11CC8DC9D00F1AE32 /* libxml2.tbd */; };
		18A13DF41CC8DCA700F1AE32 /* libiconv.tbd in Frameworks */ = {isa = PBXBuildFile; fileRef = 18A13DF31CC8DCA700F1AE32 /* libiconv.tbd */; };
		18A13DF61CC8DCB200F1AE32 /* libz.tbd in Frameworks */ = {isa = PBXBuildFile; fileRef = 18A13DF51CC8DCB200F1AE32 /* libz.tbd */; };
		18A13DF81CC8DCBC00F1AE32 /* libresolv.tbd in Frameworks */ = {isa = PBXBuildFile; fileRef = 18A13DF71CC8DCBC00F1AE32 /* libresolv.tbd */; };
		18A13DFC1CC8E17400F1AE32 /* DWMRegisterUser.m in Sources */ = {isa = PBXBuildFile; fileRef = 18A13DFB1CC8E17300F1AE32 /* DWMRegisterUser.m */; };
		18A13DFF1CC8E18900F1AE32 /* DWMLoginUser.m in Sources */ = {isa = PBXBuildFile; fileRef = 18A13DFE1CC8E18900F1AE32 /* DWMLoginUser.m */; };
		18A13E031CC8E42200F1AE32 /* DWMLoginViewController.m in Sources */ = {isa = PBXBuildFile; fileRef = 18A13E011CC8E42200F1AE32 /* DWMLoginViewController.m */; };
		18A13E041CC8E42200F1AE32 /* DWMLoginViewController.xib in Resources */ = {isa = PBXBuildFile; fileRef = 18A13E021CC8E42200F1AE32 /* DWMLoginViewController.xib */; };
		A11891D11CC767ED00C6673B /* main.m in Sources */ = {isa = PBXBuildFile; fileRef = A11891D01CC767ED00C6673B /* main.m */; };
		A11891D41CC767ED00C6673B /* AppDelegate.m in Sources */ = {isa = PBXBuildFile; fileRef = A11891D31CC767ED00C6673B /* AppDelegate.m */; };
		A11891D71CC767ED00C6673B /* ViewController.m in Sources */ = {isa = PBXBuildFile; fileRef = A11891D61CC767ED00C6673B /* ViewController.m */; };
		A11891DA1CC767ED00C6673B /* Main.storyboard in Resources */ = {isa = PBXBuildFile; fileRef = A11891D81CC767ED00C6673B /* Main.storyboard */; };
		A11891DC1CC767EE00C6673B /* Assets.xcassets in Resources */ = {isa = PBXBuildFile; fileRef = A11891DB1CC767EE00C6673B /* Assets.xcassets */; };
		A11891DF1CC767EE00C6673B /* LaunchScreen.storyboard in Resources */ = {isa = PBXBuildFile; fileRef = A11891DD1CC767EE00C6673B /* LaunchScreen.storyboard */; };
		A11891EA1CC767EE00C6673B /* DWM_IMTests.m in Sources */ = {isa = PBXBuildFile; fileRef = A11891E91CC767EE00C6673B /* DWM_IMTests.m */; };
		A11891F51CC767EE00C6673B /* DWM_IMUITests.m in Sources */ = {isa = PBXBuildFile; fileRef = A11891F41CC767EE00C6673B /* DWM_IMUITests.m */; };
/* End PBXBuildFile section */

/* Begin PBXContainerItemProxy section */
		A11891E61CC767EE00C6673B /* PBXContainerItemProxy */ = {
			isa = PBXContainerItemProxy;
			containerPortal = A11891C41CC767ED00C6673B /* Project object */;
			proxyType = 1;
			remoteGlobalIDString = A11891CB1CC767ED00C6673B;
			remoteInfo = "DWM-IM";
		};
		A11891F11CC767EE00C6673B /* PBXContainerItemProxy */ = {
			isa = PBXContainerItemProxy;
			containerPortal = A11891C41CC767ED00C6673B /* Project object */;
			proxyType = 1;
			remoteGlobalIDString = A11891CB1CC767ED00C6673B;
			remoteInfo = "DWM-IM";
		};
/* End PBXContainerItemProxy section */

/* Begin PBXFileReference section */
		18A13D761CC8D6C800F1AE32 /* PrefixHeader.pch */ = {isa = PBXFileReference; fileEncoding = 4; lastKnownFileType = sourcecode.c.h; path = PrefixHeader.pch; sourceTree = "<group>"; };
		18A13D7C1CC8DC3A00F1AE32 /* EMCallManagerCallDelegate.h */ = {isa = PBXFileReference; fileEncoding = 4; lastKnownFileType = sourcecode.c.h; path = EMCallManagerCallDelegate.h; sourceTree = "<group>"; };
		18A13D7D1CC8DC3A00F1AE32 /* EMCallManagerDelegate.h */ = {isa = PBXFileReference; fileEncoding = 4; lastKnownFileType = sourcecode.c.h; path = EMCallManagerDelegate.h; sourceTree = "<group>"; };
		18A13D7E1CC8DC3A00F1AE32 /* EaseMob+CallService.h */ = {isa = PBXFileReference; fileEncoding = 4; lastKnownFileType = sourcecode.c.h; path = "EaseMob+CallService.h"; sourceTree = "<group>"; };
		18A13D7F1CC8DC3A00F1AE32 /* EMCallServiceDefs.h */ = {isa = PBXFileReference; fileEncoding = 4; lastKnownFileType = sourcecode.c.h; path = EMCallServiceDefs.h; sourceTree = "<group>"; };
		18A13D801CC8DC3A00F1AE32 /* ICallManager.h */ = {isa = PBXFileReference; fileEncoding = 4; lastKnownFileType = sourcecode.c.h; path = ICallManager.h; sourceTree = "<group>"; };
		18A13D821CC8DC3A00F1AE32 /* ICallManagerBase.h */ = {isa = PBXFileReference; fileEncoding = 4; lastKnownFileType = sourcecode.c.h; path = ICallManagerBase.h; sourceTree = "<group>"; };
		18A13D831CC8DC3A00F1AE32 /* ICallManagerCall.h */ = {isa = PBXFileReference; fileEncoding = 4; lastKnownFileType = sourcecode.c.h; path = ICallManagerCall.h; sourceTree = "<group>"; };
		18A13D851CC8DC3A00F1AE32 /* EMCallSession.h */ = {isa = PBXFileReference; fileEncoding = 4; lastKnownFileType = sourcecode.c.h; path = EMCallSession.h; sourceTree = "<group>"; };
		18A13D861CC8DC3A00F1AE32 /* IOpenGLView.h */ = {isa = PBXFileReference; fileEncoding = 4; lastKnownFileType = sourcecode.c.h; path = IOpenGLView.h; sourceTree = "<group>"; };
		18A13D871CC8DC3A00F1AE32 /* OpenGLView20.h */ = {isa = PBXFileReference; fileEncoding = 4; lastKnownFileType = sourcecode.c.h; path = OpenGLView20.h; sourceTree = "<group>"; };
		18A13D8B1CC8DC3A00F1AE32 /* IChatManagerDelegate.h */ = {isa = PBXFileReference; fileEncoding = 4; lastKnownFileType = sourcecode.c.h; path = IChatManagerDelegate.h; sourceTree = "<group>"; };
		18A13D8D1CC8DC3A00F1AE32 /* EMChatManagerBuddyDelegate.h */ = {isa = PBXFileReference; fileEncoding = 4; lastKnownFileType = sourcecode.c.h; path = EMChatManagerBuddyDelegate.h; sourceTree = "<group>"; };
		18A13D8E1CC8DC3A00F1AE32 /* EMChatManagerChatDelegate.h */ = {isa = PBXFileReference; fileEncoding = 4; lastKnownFileType = sourcecode.c.h; path = EMChatManagerChatDelegate.h; sourceTree = "<group>"; };
		18A13D8F1CC8DC3A00F1AE32 /* EMChatManagerChatroomDelegate.h */ = {isa = PBXFileReference; fileEncoding = 4; lastKnownFileType = sourcecode.c.h; path = EMChatManagerChatroomDelegate.h; sourceTree = "<group>"; };
		18A13D901CC8DC3A00F1AE32 /* EMChatManagerDebugDelegate.h */ = {isa = PBXFileReference; fileEncoding = 4; lastKnownFileType = sourcecode.c.h; path = EMChatManagerDebugDelegate.h; sourceTree = "<group>"; };
		18A13D911CC8DC3A00F1AE32 /* EMChatManagerDelegate.h */ = {isa = PBXFileReference; fileEncoding = 4; lastKnownFileType = sourcecode.c.h; path = EMChatManagerDelegate.h; sourceTree = "<group>"; };
		18A13D921CC8DC3A00F1AE32 /* EMChatManagerDelegateBase.h */ = {isa = PBXFileReference; fileEncoding = 4; lastKnownFileType = sourcecode.c.h; path = EMChatManagerDelegateBase.h; sourceTree = "<group>"; };
		18A13D931CC8DC3A00F1AE32 /* EMChatManagerEncryptionDelegate.h */ = {isa = PBXFileReference; fileEncoding = 4; lastKnownFileType = sourcecode.c.h; path = EMChatManagerEncryptionDelegate.h; sourceTree = "<group>"; };
		18A13D941CC8DC3A00F1AE32 /* EMChatManagerGroupDelegate.h */ = {isa = PBXFileReference; fileEncoding = 4; lastKnownFileType = sourcecode.c.h; path = EMChatManagerGroupDelegate.h; sourceTree = "<group>"; };
		18A13D951CC8DC3A00F1AE32 /* EMChatManagerLoginDelegate.h */ = {isa = PBXFileReference; fileEncoding = 4; lastKnownFileType = sourcecode.c.h; path = EMChatManagerLoginDelegate.h; sourceTree = "<group>"; };
		18A13D961CC8DC3A00F1AE32 /* EMChatManagerPushNotificationDelegate.h */ = {isa = PBXFileReference; fileEncoding = 4; lastKnownFileType = sourcecode.c.h; path = EMChatManagerPushNotificationDelegate.h; sourceTree = "<group>"; };
		18A13D971CC8DC3A00F1AE32 /* EMChatManagerUtilDelegate.h */ = {isa = PBXFileReference; fileEncoding = 4; lastKnownFileType = sourcecode.c.h; path = EMChatManagerUtilDelegate.h; sourceTree = "<group>"; };
		18A13D981CC8DC3A00F1AE32 /* EMChatManagerDefs.h */ = {isa = PBXFileReference; fileEncoding = 4; lastKnownFileType = sourcecode.c.h; path = EMChatManagerDefs.h; sourceTree = "<group>"; };
		18A13D991CC8DC3A00F1AE32 /* EMGroupManagerDefs.h */ = {isa = PBXFileReference; fileEncoding = 4; lastKnownFileType = sourcecode.c.h; path = EMGroupManagerDefs.h; sourceTree = "<group>"; };
		18A13D9A1CC8DC3A00F1AE32 /* EMPushManagerDefs.h */ = {isa = PBXFileReference; fileEncoding = 4; lastKnownFileType = sourcecode.c.h; path = EMPushManagerDefs.h; sourceTree = "<group>"; };
		18A13D9B1CC8DC3A00F1AE32 /* IChatManager.h */ = {isa = PBXFileReference; fileEncoding = 4; lastKnownFileType = sourcecode.c.h; path = IChatManager.h; sourceTree = "<group>"; };
		18A13D9D1CC8DC3A00F1AE32 /* IChatManagerBase.h */ = {isa = PBXFileReference; fileEncoding = 4; lastKnownFileType = sourcecode.c.h; path = IChatManagerBase.h; sourceTree = "<group>"; };
		18A13D9E1CC8DC3A00F1AE32 /* IChatManagerBuddy.h */ = {isa = PBXFileReference; fileEncoding = 4; lastKnownFileType = sourcecode.c.h; path = IChatManagerBuddy.h; sourceTree = "<group>"; };
		18A13D9F1CC8DC3A00F1AE32 /* IChatManagerChat.h */ = {isa = PBXFileReference; fileEncoding = 4; lastKnownFileType = sourcecode.c.h; path = IChatManagerChat.h; sourceTree = "<group>"; };
		18A13DA01CC8DC3A00F1AE32 /* IChatManagerChatroom.h */ = {isa = PBXFileReference; fileEncoding = 4; lastKnownFileType = sourcecode.c.h; path = IChatManagerChatroom.h; sourceTree = "<group>"; };
		18A13DA11CC8DC3A00F1AE32 /* IChatManagerConversation.h */ = {isa = PBXFileReference; fileEncoding = 4; lastKnownFileType = sourcecode.c.h; path = IChatManagerConversation.h; sourceTree = "<group>"; };
		18A13DA21CC8DC3A00F1AE32 /* IChatManagerEncryption.h */ = {isa = PBXFileReference; fileEncoding = 4; lastKnownFileType = sourcecode.c.h; path = IChatManagerEncryption.h; sourceTree = "<group>"; };
		18A13DA31CC8DC3A00F1AE32 /* IChatManagerGroup.h */ = {isa = PBXFileReference; fileEncoding = 4; lastKnownFileType = sourcecode.c.h; path = IChatManagerGroup.h; sourceTree = "<group>"; };
		18A13DA41CC8DC3A00F1AE32 /* IChatManagerLogin.h */ = {isa = PBXFileReference; fileEncoding = 4; lastKnownFileType = sourcecode.c.h; path = IChatManagerLogin.h; sourceTree = "<group>"; };
		18A13DA51CC8DC3A00F1AE32 /* IChatManagerPushNotification.h */ = {isa = PBXFileReference; fileEncoding = 4; lastKnownFileType = sourcecode.c.h; path = IChatManagerPushNotification.h; sourceTree = "<group>"; };
		18A13DA61CC8DC3A00F1AE32 /* IChatManagerRobot.h */ = {isa = PBXFileReference; fileEncoding = 4; lastKnownFileType = sourcecode.c.h; path = IChatManagerRobot.h; sourceTree = "<group>"; };
		18A13DA71CC8DC3A00F1AE32 /* IChatManagerSettingOptions.h */ = {isa = PBXFileReference; fileEncoding = 4; lastKnownFileType = sourcecode.c.h; path = IChatManagerSettingOptions.h; sourceTree = "<group>"; };
		18A13DA81CC8DC3A00F1AE32 /* IChatManagerUtil.h */ = {isa = PBXFileReference; fileEncoding = 4; lastKnownFileType = sourcecode.c.h; path = IChatManagerUtil.h; sourceTree = "<group>"; };
		18A13DAA1CC8DC3A00F1AE32 /* EMBuddy.h */ = {isa = PBXFileReference; fileEncoding = 4; lastKnownFileType = sourcecode.c.h; path = EMBuddy.h; sourceTree = "<group>"; };
		18A13DAB1CC8DC3A00F1AE32 /* EMChatCommand.h */ = {isa = PBXFileReference; fileEncoding = 4; lastKnownFileType = sourcecode.c.h; path = EMChatCommand.h; sourceTree = "<group>"; };
		18A13DAC1CC8DC3A00F1AE32 /* EMChatFile.h */ = {isa = PBXFileReference; fileEncoding = 4; lastKnownFileType = sourcecode.c.h; path = EMChatFile.h; sourceTree = "<group>"; };
		18A13DAD1CC8DC3A00F1AE32 /* EMChatImage.h */ = {isa = PBXFileReference; fileEncoding = 4; lastKnownFileType = sourcecode.c.h; path = EMChatImage.h; sourceTree = "<group>"; };
		18A13DAE1CC8DC3A00F1AE32 /* EMChatLocation.h */ = {isa = PBXFileReference; fileEncoding = 4; lastKnownFileType = sourcecode.c.h; path = EMChatLocation.h; sourceTree = "<group>"; };
		18A13DAF1CC8DC3A00F1AE32 /* EMChatroom.h */ = {isa = PBXFileReference; fileEncoding = 4; lastKnownFileType = sourcecode.c.h; path = EMChatroom.h; sourceTree = "<group>"; };
		18A13DB01CC8DC3A00F1AE32 /* EMChatText.h */ = {isa = PBXFileReference; fileEncoding = 4; lastKnownFileType = sourcecode.c.h; path = EMChatText.h; sourceTree = "<group>"; };
		18A13DB11CC8DC3A00F1AE32 /* EMChatVideo.h */ = {isa = PBXFileReference; fileEncoding = 4; lastKnownFileType = sourcecode.c.h; path = EMChatVideo.h; sourceTree = "<group>"; };
		18A13DB21CC8DC3A00F1AE32 /* EMChatVoice.h */ = {isa = PBXFileReference; fileEncoding = 4; lastKnownFileType = sourcecode.c.h; path = EMChatVoice.h; sourceTree = "<group>"; };
		18A13DB31CC8DC3A00F1AE32 /* EMCommandMessageBody.h */ = {isa = PBXFileReference; fileEncoding = 4; lastKnownFileType = sourcecode.c.h; path = EMCommandMessageBody.h; sourceTree = "<group>"; };
		18A13DB41CC8DC3A00F1AE32 /* EMConversation.h */ = {isa = PBXFileReference; fileEncoding = 4; lastKnownFileType = sourcecode.c.h; path = EMConversation.h; sourceTree = "<group>"; };
		18A13DB51CC8DC3A00F1AE32 /* EMCursorResult.h */ = {isa = PBXFileReference; fileEncoding = 4; lastKnownFileType = sourcecode.c.h; path = EMCursorResult.h; sourceTree = "<group>"; };
		18A13DB61CC8DC3A00F1AE32 /* EMFileMessageBody.h */ = {isa = PBXFileReference; fileEncoding = 4; lastKnownFileType = sourcecode.c.h; path = EMFileMessageBody.h; sourceTree = "<group>"; };
		18A13DB71CC8DC3A00F1AE32 /* EMGroup.h */ = {isa = PBXFileReference; fileEncoding = 4; lastKnownFileType = sourcecode.c.h; path = EMGroup.h; sourceTree = "<group>"; };
		18A13DB81CC8DC3A00F1AE32 /* EMGroupStyleSetting.h */ = {isa = PBXFileReference; fileEncoding = 4; lastKnownFileType = sourcecode.c.h; path = EMGroupStyleSetting.h; sourceTree = "<group>"; };
		18A13DB91CC8DC3A00F1AE32 /* EMImageMessageBody.h */ = {isa = PBXFileReference; fileEncoding = 4; lastKnownFileType = sourcecode.c.h; path = EMImageMessageBody.h; sourceTree = "<group>"; };
		18A13DBA1CC8DC3A00F1AE32 /* EMLocationMessageBody.h */ = {isa = PBXFileReference; fileEncoding = 4; lastKnownFileType = sourcecode.c.h; path = EMLocationMessageBody.h; sourceTree = "<group>"; };
		18A13DBB1CC8DC3A00F1AE32 /* EMMessage.h */ = {isa = PBXFileReference; fileEncoding = 4; lastKnownFileType = sourcecode.c.h; path = EMMessage.h; sourceTree = "<group>"; };
		18A13DBC1CC8DC3A00F1AE32 /* EMPushNotificationOptions.h */ = {isa = PBXFileReference; fileEncoding = 4; lastKnownFileType = sourcecode.c.h; path = EMPushNotificationOptions.h; sourceTree = "<group>"; };
		18A13DBD1CC8DC3A00F1AE32 /* EMReceipt.h */ = {isa = PBXFileReference; fileEncoding = 4; lastKnownFileType = sourcecode.c.h; path = EMReceipt.h; sourceTree = "<group>"; };
		18A13DBE1CC8DC3A00F1AE32 /* EMReceiptBase.h */ = {isa = PBXFileReference; fileEncoding = 4; lastKnownFileType = sourcecode.c.h; path = EMReceiptBase.h; sourceTree = "<group>"; };
		18A13DBF1CC8DC3A00F1AE32 /* EMRobot.h */ = {isa = PBXFileReference; fileEncoding = 4; lastKnownFileType = sourcecode.c.h; path = EMRobot.h; sourceTree = "<group>"; };
		18A13DC01CC8DC3A00F1AE32 /* EMTextMessageBody.h */ = {isa = PBXFileReference; fileEncoding = 4; lastKnownFileType = sourcecode.c.h; path = EMTextMessageBody.h; sourceTree = "<group>"; };
		18A13DC11CC8DC3A00F1AE32 /* EMVideoMessageBody.h */ = {isa = PBXFileReference; fileEncoding = 4; lastKnownFileType = sourcecode.c.h; path = EMVideoMessageBody.h; sourceTree = "<group>"; };
		18A13DC21CC8DC3A00F1AE32 /* EMVoiceMessageBody.h */ = {isa = PBXFileReference; fileEncoding = 4; lastKnownFileType = sourcecode.c.h; path = EMVoiceMessageBody.h; sourceTree = "<group>"; };
		18A13DC31CC8DC3A00F1AE32 /* IChatImageOptions.h */ = {isa = PBXFileReference; fileEncoding = 4; lastKnownFileType = sourcecode.c.h; path = IChatImageOptions.h; sourceTree = "<group>"; };
		18A13DC41CC8DC3A00F1AE32 /* IEMChatCryptor.h */ = {isa = PBXFileReference; fileEncoding = 4; lastKnownFileType = sourcecode.c.h; path = IEMChatCryptor.h; sourceTree = "<group>"; };
		18A13DC51CC8DC3A00F1AE32 /* IEMChatFile.h */ = {isa = PBXFileReference; fileEncoding = 4; lastKnownFileType = sourcecode.c.h; path = IEMChatFile.h; sourceTree = "<group>"; };
		18A13DC61CC8DC3A00F1AE32 /* IEMChatObject.h */ = {isa = PBXFileReference; fileEncoding = 4; lastKnownFileType = sourcecode.c.h; path = IEMChatObject.h; sourceTree = "<group>"; };
		18A13DC71CC8DC3A00F1AE32 /* IEMChatProgressDelegate.h */ = {isa = PBXFileReference; fileEncoding = 4; lastKnownFileType = sourcecode.c.h; path = IEMChatProgressDelegate.h; sourceTree = "<group>"; };
		18A13DC81CC8DC3A00F1AE32 /* IEMFileMessageBody.h */ = {isa = PBXFileReference; fileEncoding = 4; lastKnownFileType = sourcecode.c.h; path = IEMFileMessageBody.h; sourceTree = "<group>"; };
		18A13DC91CC8DC3A00F1AE32 /* IEMMessageBody.h */ = {isa = PBXFileReference; fileEncoding = 4; lastKnownFileType = sourcecode.c.h; path = IEMMessageBody.h; sourceTree = "<group>"; };
		18A13DCB1CC8DC3A00F1AE32 /* EaseMob.h */ = {isa = PBXFileReference; fileEncoding = 4; lastKnownFileType = sourcecode.c.h; path = EaseMob.h; sourceTree = "<group>"; };
		18A13DCC1CC8DC3A00F1AE32 /* EaseMobHeaders.h */ = {isa = PBXFileReference; fileEncoding = 4; lastKnownFileType = sourcecode.c.h; path = EaseMobHeaders.h; sourceTree = "<group>"; };
		18A13DCE1CC8DC3A00F1AE32 /* EaseMob.h */ = {isa = PBXFileReference; fileEncoding = 4; lastKnownFileType = sourcecode.c.h; path = EaseMob.h; sourceTree = "<group>"; };
		18A13DCF1CC8DC3A00F1AE32 /* EaseMobHeaders.h */ = {isa = PBXFileReference; fileEncoding = 4; lastKnownFileType = sourcecode.c.h; path = EaseMobHeaders.h; sourceTree = "<group>"; };
		18A13DD11CC8DC3A00F1AE32 /* commonDefs.h */ = {isa = PBXFileReference; fileEncoding = 4; lastKnownFileType = sourcecode.c.h; path = commonDefs.h; sourceTree = "<group>"; };
		18A13DD41CC8DC3A00F1AE32 /* IDeviceManagerDelegate.h */ = {isa = PBXFileReference; fileEncoding = 4; lastKnownFileType = sourcecode.c.h; path = IDeviceManagerDelegate.h; sourceTree = "<group>"; };
		18A13DD61CC8DC3A00F1AE32 /* EMDeviceManagerDelegate.h */ = {isa = PBXFileReference; fileEncoding = 4; lastKnownFileType = sourcecode.c.h; path = EMDeviceManagerDelegate.h; sourceTree = "<group>"; };
		18A13DD71CC8DC3A00F1AE32 /* EMDeviceManagerDelegateBase.h */ = {isa = PBXFileReference; fileEncoding = 4; lastKnownFileType = sourcecode.c.h; path = EMDeviceManagerDelegateBase.h; sourceTree = "<group>"; };
		18A13DD81CC8DC3A00F1AE32 /* EMDeviceManagerNetworkDelegate.h */ = {isa = PBXFileReference; fileEncoding = 4; lastKnownFileType = sourcecode.c.h; path = EMDeviceManagerNetworkDelegate.h; sourceTree = "<group>"; };
		18A13DD91CC8DC3A00F1AE32 /* EMDeviceManagerDefs.h */ = {isa = PBXFileReference; fileEncoding = 4; lastKnownFileType = sourcecode.c.h; path = EMDeviceManagerDefs.h; sourceTree = "<group>"; };
		18A13DDA1CC8DC3A00F1AE32 /* IDeviceManager.h */ = {isa = PBXFileReference; fileEncoding = 4; lastKnownFileType = sourcecode.c.h; path = IDeviceManager.h; sourceTree = "<group>"; };
		18A13DDC1CC8DC3A00F1AE32 /* IDeviceManagerBase.h */ = {isa = PBXFileReference; fileEncoding = 4; lastKnownFileType = sourcecode.c.h; path = IDeviceManagerBase.h; sourceTree = "<group>"; };
		18A13DDD1CC8DC3A00F1AE32 /* EMNetworkMonitorDefs.h */ = {isa = PBXFileReference; fileEncoding = 4; lastKnownFileType = sourcecode.c.h; path = EMNetworkMonitorDefs.h; sourceTree = "<group>"; };
		18A13DDF1CC8DC3A00F1AE32 /* EMError.h */ = {isa = PBXFileReference; fileEncoding = 4; lastKnownFileType = sourcecode.c.h; path = EMError.h; sourceTree = "<group>"; };
		18A13DE01CC8DC3A00F1AE32 /* EMErrorDefs.h */ = {isa = PBXFileReference; fileEncoding = 4; lastKnownFileType = sourcecode.c.h; path = EMErrorDefs.h; sourceTree = "<group>"; };
		18A13DE21CC8DC3A00F1AE32 /* libEaseMobClientSDK.a */ = {isa = PBXFileReference; lastKnownFileType = archive.ar; path = libEaseMobClientSDK.a; sourceTree = "<group>"; };
		18A13DE31CC8DC3A00F1AE32 /* libEaseMobClientSDKLite.a */ = {isa = PBXFileReference; lastKnownFileType = archive.ar; path = libEaseMobClientSDKLite.a; sourceTree = "<group>"; };
		18A13DE51CC8DC3A00F1AE32 /* EaseMob.bundle */ = {isa = PBXFileReference; lastKnownFileType = "wrapper.plug-in"; path = EaseMob.bundle; sourceTree = "<group>"; };
		18A13DE91CC8DC7000F1AE32 /* MobileCoreServices.framework */ = {isa = PBXFileReference; lastKnownFileType = wrapper.framework; name = MobileCoreServices.framework; path = System/Library/Frameworks/MobileCoreServices.framework; sourceTree = SDKROOT; };
		18A13DEB1CC8DC7900F1AE32 /* CFNetwork.framework */ = {isa = PBXFileReference; lastKnownFileType = wrapper.framework; name = CFNetwork.framework; path = System/Library/Frameworks/CFNetwork.framework; sourceTree = SDKROOT; };
		18A13DED1CC8DC8C00F1AE32 /* libstdc++.6.0.9.tbd */ = {isa = PBXFileReference; lastKnownFileType = "sourcecode.text-based-dylib-definition"; name = "libstdc++.6.0.9.tbd"; path = "usr/lib/libstdc++.6.0.9.tbd"; sourceTree = SDKROOT; };
		18A13DEF1CC8DC9500F1AE32 /* libsqlite3.tbd */ = {isa = PBXFileReference; lastKnownFileType = "sourcecode.text-based-dylib-definition"; name = libsqlite3.tbd; path = usr/lib/libsqlite3.tbd; sourceTree = SDKROOT; };
		18A13DF11CC8DC9D00F1AE32 /* libxml2.tbd */ = {isa = PBXFileReference; lastKnownFileType = "sourcecode.text-based-dylib-definition"; name = libxml2.tbd; path = usr/lib/libxml2.tbd; sourceTree = SDKROOT; };
		18A13DF31CC8DCA700F1AE32 /* libiconv.tbd */ = {isa = PBXFileReference; lastKnownFileType = "sourcecode.text-based-dylib-definition"; name = libiconv.tbd; path = usr/lib/libiconv.tbd; sourceTree = SDKROOT; };
		18A13DF51CC8DCB200F1AE32 /* libz.tbd */ = {isa = PBXFileReference; lastKnownFileType = "sourcecode.text-based-dylib-definition"; name = libz.tbd; path = usr/lib/libz.tbd; sourceTree = SDKROOT; };
		18A13DF71CC8DCBC00F1AE32 /* libresolv.tbd */ = {isa = PBXFileReference; lastKnownFileType = "sourcecode.text-based-dylib-definition"; name = libresolv.tbd; path = usr/lib/libresolv.tbd; sourceTree = SDKROOT; };
		18A13DFA1CC8E17300F1AE32 /* DWMRegisterUser.h */ = {isa = PBXFileReference; fileEncoding = 4; lastKnownFileType = sourcecode.c.h; path = DWMRegisterUser.h; sourceTree = "<group>"; };
		18A13DFB1CC8E17300F1AE32 /* DWMRegisterUser.m */ = {isa = PBXFileReference; fileEncoding = 4; lastKnownFileType = sourcecode.c.objc; path = DWMRegisterUser.m; sourceTree = "<group>"; };
		18A13DFD1CC8E18900F1AE32 /* DWMLoginUser.h */ = {isa = PBXFileReference; fileEncoding = 4; lastKnownFileType = sourcecode.c.h; path = DWMLoginUser.h; sourceTree = "<group>"; };
		18A13DFE1CC8E18900F1AE32 /* DWMLoginUser.m */ = {isa = PBXFileReference; fileEncoding = 4; lastKnownFileType = sourcecode.c.objc; path = DWMLoginUser.m; sourceTree = "<group>"; };
		18A13E001CC8E42200F1AE32 /* DWMLoginViewController.h */ = {isa = PBXFileReference; fileEncoding = 4; lastKnownFileType = sourcecode.c.h; path = DWMLoginViewController.h; sourceTree = "<group>"; };
		18A13E011CC8E42200F1AE32 /* DWMLoginViewController.m */ = {isa = PBXFileReference; fileEncoding = 4; lastKnownFileType = sourcecode.c.objc; path = DWMLoginViewController.m; sourceTree = "<group>"; };
		18A13E021CC8E42200F1AE32 /* DWMLoginViewController.xib */ = {isa = PBXFileReference; fileEncoding = 4; lastKnownFileType = file.xib; path = DWMLoginViewController.xib; sourceTree = "<group>"; };
		A11891CC1CC767ED00C6673B /* DWM-IM.app */ = {isa = PBXFileReference; explicitFileType = wrapper.application; includeInIndex = 0; path = "DWM-IM.app"; sourceTree = BUILT_PRODUCTS_DIR; };
		A11891D01CC767ED00C6673B /* main.m */ = {isa = PBXFileReference; lastKnownFileType = sourcecode.c.objc; path = main.m; sourceTree = "<group>"; };
		A11891D21CC767ED00C6673B /* AppDelegate.h */ = {isa = PBXFileReference; lastKnownFileType = sourcecode.c.h; path = AppDelegate.h; sourceTree = "<group>"; };
		A11891D31CC767ED00C6673B /* AppDelegate.m */ = {isa = PBXFileReference; lastKnownFileType = sourcecode.c.objc; path = AppDelegate.m; sourceTree = "<group>"; };
		A11891D51CC767ED00C6673B /* ViewController.h */ = {isa = PBXFileReference; lastKnownFileType = sourcecode.c.h; path = ViewController.h; sourceTree = "<group>"; };
		A11891D61CC767ED00C6673B /* ViewController.m */ = {isa = PBXFileReference; lastKnownFileType = sourcecode.c.objc; path = ViewController.m; sourceTree = "<group>"; };
		A11891D91CC767ED00C6673B /* Base */ = {isa = PBXFileReference; lastKnownFileType = file.storyboard; name = Base; path = Base.lproj/Main.storyboard; sourceTree = "<group>"; };
		A11891DB1CC767EE00C6673B /* Assets.xcassets */ = {isa = PBXFileReference; lastKnownFileType = folder.assetcatalog; path = Assets.xcassets; sourceTree = "<group>"; };
		A11891DE1CC767EE00C6673B /* Base */ = {isa = PBXFileReference; lastKnownFileType = file.storyboard; name = Base; path = Base.lproj/LaunchScreen.storyboard; sourceTree = "<group>"; };
		A11891E01CC767EE00C6673B /* Info.plist */ = {isa = PBXFileReference; lastKnownFileType = text.plist.xml; path = Info.plist; sourceTree = "<group>"; };
		A11891E51CC767EE00C6673B /* DWM-IMTests.xctest */ = {isa = PBXFileReference; explicitFileType = wrapper.cfbundle; includeInIndex = 0; path = "DWM-IMTests.xctest"; sourceTree = BUILT_PRODUCTS_DIR; };
		A11891E91CC767EE00C6673B /* DWM_IMTests.m */ = {isa = PBXFileReference; lastKnownFileType = sourcecode.c.objc; path = DWM_IMTests.m; sourceTree = "<group>"; };
		A11891EB1CC767EE00C6673B /* Info.plist */ = {isa = PBXFileReference; lastKnownFileType = text.plist.xml; path = Info.plist; sourceTree = "<group>"; };
		A11891F01CC767EE00C6673B /* DWM-IMUITests.xctest */ = {isa = PBXFileReference; explicitFileType = wrapper.cfbundle; includeInIndex = 0; path = "DWM-IMUITests.xctest"; sourceTree = BUILT_PRODUCTS_DIR; };
		A11891F41CC767EE00C6673B /* DWM_IMUITests.m */ = {isa = PBXFileReference; lastKnownFileType = sourcecode.c.objc; path = DWM_IMUITests.m; sourceTree = "<group>"; };
		A11891F61CC767EE00C6673B /* Info.plist */ = {isa = PBXFileReference; lastKnownFileType = text.plist.xml; path = Info.plist; sourceTree = "<group>"; };
/* End PBXFileReference section */

/* Begin PBXFrameworksBuildPhase section */
		A11891C91CC767ED00C6673B /* Frameworks */ = {
			isa = PBXFrameworksBuildPhase;
			buildActionMask = 2147483647;
			files = (
				18A13DF81CC8DCBC00F1AE32 /* libresolv.tbd in Frameworks */,
				18A13DF61CC8DCB200F1AE32 /* libz.tbd in Frameworks */,
				18A13DF41CC8DCA700F1AE32 /* libiconv.tbd in Frameworks */,
				18A13DF21CC8DC9D00F1AE32 /* libxml2.tbd in Frameworks */,
				18A13DF01CC8DC9500F1AE32 /* libsqlite3.tbd in Frameworks */,
				18A13DEE1CC8DC8C00F1AE32 /* libstdc++.6.0.9.tbd in Frameworks */,
				18A13DEC1CC8DC7900F1AE32 /* CFNetwork.framework in Frameworks */,
				18A13DEA1CC8DC7000F1AE32 /* MobileCoreServices.framework in Frameworks */,
				18A13DE71CC8DC3A00F1AE32 /* libEaseMobClientSDKLite.a in Frameworks */,
				18A13DE61CC8DC3A00F1AE32 /* libEaseMobClientSDK.a in Frameworks */,
			);
			runOnlyForDeploymentPostprocessing = 0;
		};
		A11891E21CC767EE00C6673B /* Frameworks */ = {
			isa = PBXFrameworksBuildPhase;
			buildActionMask = 2147483647;
			files = (
			);
			runOnlyForDeploymentPostprocessing = 0;
		};
		A11891ED1CC767EE00C6673B /* Frameworks */ = {
			isa = PBXFrameworksBuildPhase;
			buildActionMask = 2147483647;
			files = (
			);
			runOnlyForDeploymentPostprocessing = 0;
		};
/* End PBXFrameworksBuildPhase section */

/* Begin PBXGroup section */
		18A13D021CC8D55E00F1AE32 /* libs */ = {
			isa = PBXGroup;
			children = (
				18A13DF71CC8DCBC00F1AE32 /* libresolv.tbd */,
				18A13DF51CC8DCB200F1AE32 /* libz.tbd */,
				18A13DF31CC8DCA700F1AE32 /* libiconv.tbd */,
				18A13DF11CC8DC9D00F1AE32 /* libxml2.tbd */,
				18A13DEF1CC8DC9500F1AE32 /* libsqlite3.tbd */,
				18A13DED1CC8DC8C00F1AE32 /* libstdc++.6.0.9.tbd */,
				18A13DEB1CC8DC7900F1AE32 /* CFNetwork.framework */,
				18A13DE91CC8DC7000F1AE32 /* MobileCoreServices.framework */,
				18A13D771CC8DC3A00F1AE32 /* EaseMobSDK */,
			);
			path = libs;
			sourceTree = "<group>";
		};
		18A13D751CC8D6B100F1AE32 /* Classes */ = {
			isa = PBXGroup;
			children = (
				18A13DF91CC8E14D00F1AE32 /* DWMLoginAndRegister */,
			);
			path = Classes;
			sourceTree = "<group>";
		};
		18A13D771CC8DC3A00F1AE32 /* EaseMobSDK */ = {
			isa = PBXGroup;
			children = (
				18A13D781CC8DC3A00F1AE32 /* include */,
				18A13DE11CC8DC3A00F1AE32 /* lib */,
				18A13DE41CC8DC3A00F1AE32 /* resources */,
			);
			path = EaseMobSDK;
			sourceTree = "<group>";
		};
		18A13D781CC8DC3A00F1AE32 /* include */ = {
			isa = PBXGroup;
			children = (
				18A13D791CC8DC3A00F1AE32 /* CallService */,
				18A13D881CC8DC3A00F1AE32 /* ChatService */,
				18A13DCA1CC8DC3A00F1AE32 /* EaseMobClientSDK */,
				18A13DCD1CC8DC3A00F1AE32 /* EaseMobClientSDKLite */,
				18A13DD01CC8DC3A00F1AE32 /* Utility */,
			);
			path = include;
			sourceTree = "<group>";
		};
		18A13D791CC8DC3A00F1AE32 /* CallService */ = {
			isa = PBXGroup;
			children = (
				18A13D7A1CC8DC3A00F1AE32 /* EMCallManager */,
			);
			path = CallService;
			sourceTree = "<group>";
		};
		18A13D7A1CC8DC3A00F1AE32 /* EMCallManager */ = {
			isa = PBXGroup;
			children = (
				18A13D7B1CC8DC3A00F1AE32 /* delegates */,
				18A13D7E1CC8DC3A00F1AE32 /* EaseMob+CallService.h */,
				18A13D7F1CC8DC3A00F1AE32 /* EMCallServiceDefs.h */,
				18A13D801CC8DC3A00F1AE32 /* ICallManager.h */,
				18A13D811CC8DC3A00F1AE32 /* internal */,
				18A13D841CC8DC3A00F1AE32 /* types */,
			);
			path = EMCallManager;
			sourceTree = "<group>";
		};
		18A13D7B1CC8DC3A00F1AE32 /* delegates */ = {
			isa = PBXGroup;
			children = (
				18A13D7C1CC8DC3A00F1AE32 /* EMCallManagerCallDelegate.h */,
				18A13D7D1CC8DC3A00F1AE32 /* EMCallManagerDelegate.h */,
			);
			path = delegates;
			sourceTree = "<group>";
		};
		18A13D811CC8DC3A00F1AE32 /* internal */ = {
			isa = PBXGroup;
			children = (
				18A13D821CC8DC3A00F1AE32 /* ICallManagerBase.h */,
				18A13D831CC8DC3A00F1AE32 /* ICallManagerCall.h */,
			);
			path = internal;
			sourceTree = "<group>";
		};
		18A13D841CC8DC3A00F1AE32 /* types */ = {
			isa = PBXGroup;
			children = (
				18A13D851CC8DC3A00F1AE32 /* EMCallSession.h */,
				18A13D861CC8DC3A00F1AE32 /* IOpenGLView.h */,
				18A13D871CC8DC3A00F1AE32 /* OpenGLView20.h */,
			);
			path = types;
			sourceTree = "<group>";
		};
		18A13D881CC8DC3A00F1AE32 /* ChatService */ = {
			isa = PBXGroup;
			children = (
				18A13D891CC8DC3A00F1AE32 /* EMChatManager */,
			);
			path = ChatService;
			sourceTree = "<group>";
		};
		18A13D891CC8DC3A00F1AE32 /* EMChatManager */ = {
			isa = PBXGroup;
			children = (
				18A13D8A1CC8DC3A00F1AE32 /* delegates */,
				18A13D981CC8DC3A00F1AE32 /* EMChatManagerDefs.h */,
				18A13D991CC8DC3A00F1AE32 /* EMGroupManagerDefs.h */,
				18A13D9A1CC8DC3A00F1AE32 /* EMPushManagerDefs.h */,
				18A13D9B1CC8DC3A00F1AE32 /* IChatManager.h */,
				18A13D9C1CC8DC3A00F1AE32 /* internal */,
				18A13DA91CC8DC3A00F1AE32 /* types */,
			);
			path = EMChatManager;
			sourceTree = "<group>";
		};
		18A13D8A1CC8DC3A00F1AE32 /* delegates */ = {
			isa = PBXGroup;
			children = (
				18A13D8B1CC8DC3A00F1AE32 /* IChatManagerDelegate.h */,
				18A13D8C1CC8DC3A00F1AE32 /* internal */,
			);
			path = delegates;
			sourceTree = "<group>";
		};
		18A13D8C1CC8DC3A00F1AE32 /* internal */ = {
			isa = PBXGroup;
			children = (
				18A13D8D1CC8DC3A00F1AE32 /* EMChatManagerBuddyDelegate.h */,
				18A13D8E1CC8DC3A00F1AE32 /* EMChatManagerChatDelegate.h */,
				18A13D8F1CC8DC3A00F1AE32 /* EMChatManagerChatroomDelegate.h */,
				18A13D901CC8DC3A00F1AE32 /* EMChatManagerDebugDelegate.h */,
				18A13D911CC8DC3A00F1AE32 /* EMChatManagerDelegate.h */,
				18A13D921CC8DC3A00F1AE32 /* EMChatManagerDelegateBase.h */,
				18A13D931CC8DC3A00F1AE32 /* EMChatManagerEncryptionDelegate.h */,
				18A13D941CC8DC3A00F1AE32 /* EMChatManagerGroupDelegate.h */,
				18A13D951CC8DC3A00F1AE32 /* EMChatManagerLoginDelegate.h */,
				18A13D961CC8DC3A00F1AE32 /* EMChatManagerPushNotificationDelegate.h */,
				18A13D971CC8DC3A00F1AE32 /* EMChatManagerUtilDelegate.h */,
			);
			path = internal;
			sourceTree = "<group>";
		};
		18A13D9C1CC8DC3A00F1AE32 /* internal */ = {
			isa = PBXGroup;
			children = (
				18A13D9D1CC8DC3A00F1AE32 /* IChatManagerBase.h */,
				18A13D9E1CC8DC3A00F1AE32 /* IChatManagerBuddy.h */,
				18A13D9F1CC8DC3A00F1AE32 /* IChatManagerChat.h */,
				18A13DA01CC8DC3A00F1AE32 /* IChatManagerChatroom.h */,
				18A13DA11CC8DC3A00F1AE32 /* IChatManagerConversation.h */,
				18A13DA21CC8DC3A00F1AE32 /* IChatManagerEncryption.h */,
				18A13DA31CC8DC3A00F1AE32 /* IChatManagerGroup.h */,
				18A13DA41CC8DC3A00F1AE32 /* IChatManagerLogin.h */,
				18A13DA51CC8DC3A00F1AE32 /* IChatManagerPushNotification.h */,
				18A13DA61CC8DC3A00F1AE32 /* IChatManagerRobot.h */,
				18A13DA71CC8DC3A00F1AE32 /* IChatManagerSettingOptions.h */,
				18A13DA81CC8DC3A00F1AE32 /* IChatManagerUtil.h */,
			);
			path = internal;
			sourceTree = "<group>";
		};
		18A13DA91CC8DC3A00F1AE32 /* types */ = {
			isa = PBXGroup;
			children = (
				18A13DAA1CC8DC3A00F1AE32 /* EMBuddy.h */,
				18A13DAB1CC8DC3A00F1AE32 /* EMChatCommand.h */,
				18A13DAC1CC8DC3A00F1AE32 /* EMChatFile.h */,
				18A13DAD1CC8DC3A00F1AE32 /* EMChatImage.h */,
				18A13DAE1CC8DC3A00F1AE32 /* EMChatLocation.h */,
				18A13DAF1CC8DC3A00F1AE32 /* EMChatroom.h */,
				18A13DB01CC8DC3A00F1AE32 /* EMChatText.h */,
				18A13DB11CC8DC3A00F1AE32 /* EMChatVideo.h */,
				18A13DB21CC8DC3A00F1AE32 /* EMChatVoice.h */,
				18A13DB31CC8DC3A00F1AE32 /* EMCommandMessageBody.h */,
				18A13DB41CC8DC3A00F1AE32 /* EMConversation.h */,
				18A13DB51CC8DC3A00F1AE32 /* EMCursorResult.h */,
				18A13DB61CC8DC3A00F1AE32 /* EMFileMessageBody.h */,
				18A13DB71CC8DC3A00F1AE32 /* EMGroup.h */,
				18A13DB81CC8DC3A00F1AE32 /* EMGroupStyleSetting.h */,
				18A13DB91CC8DC3A00F1AE32 /* EMImageMessageBody.h */,
				18A13DBA1CC8DC3A00F1AE32 /* EMLocationMessageBody.h */,
				18A13DBB1CC8DC3A00F1AE32 /* EMMessage.h */,
				18A13DBC1CC8DC3A00F1AE32 /* EMPushNotificationOptions.h */,
				18A13DBD1CC8DC3A00F1AE32 /* EMReceipt.h */,
				18A13DBE1CC8DC3A00F1AE32 /* EMReceiptBase.h */,
				18A13DBF1CC8DC3A00F1AE32 /* EMRobot.h */,
				18A13DC01CC8DC3A00F1AE32 /* EMTextMessageBody.h */,
				18A13DC11CC8DC3A00F1AE32 /* EMVideoMessageBody.h */,
				18A13DC21CC8DC3A00F1AE32 /* EMVoiceMessageBody.h */,
				18A13DC31CC8DC3A00F1AE32 /* IChatImageOptions.h */,
				18A13DC41CC8DC3A00F1AE32 /* IEMChatCryptor.h */,
				18A13DC51CC8DC3A00F1AE32 /* IEMChatFile.h */,
				18A13DC61CC8DC3A00F1AE32 /* IEMChatObject.h */,
				18A13DC71CC8DC3A00F1AE32 /* IEMChatProgressDelegate.h */,
				18A13DC81CC8DC3A00F1AE32 /* IEMFileMessageBody.h */,
				18A13DC91CC8DC3A00F1AE32 /* IEMMessageBody.h */,
			);
			path = types;
			sourceTree = "<group>";
		};
		18A13DCA1CC8DC3A00F1AE32 /* EaseMobClientSDK */ = {
			isa = PBXGroup;
			children = (
				18A13DCB1CC8DC3A00F1AE32 /* EaseMob.h */,
				18A13DCC1CC8DC3A00F1AE32 /* EaseMobHeaders.h */,
			);
			path = EaseMobClientSDK;
			sourceTree = "<group>";
		};
		18A13DCD1CC8DC3A00F1AE32 /* EaseMobClientSDKLite */ = {
			isa = PBXGroup;
			children = (
				18A13DCE1CC8DC3A00F1AE32 /* EaseMob.h */,
				18A13DCF1CC8DC3A00F1AE32 /* EaseMobHeaders.h */,
			);
			path = EaseMobClientSDKLite;
			sourceTree = "<group>";
		};
		18A13DD01CC8DC3A00F1AE32 /* Utility */ = {
			isa = PBXGroup;
			children = (
				18A13DD11CC8DC3A00F1AE32 /* commonDefs.h */,
				18A13DD21CC8DC3A00F1AE32 /* EMDeviceManager */,
				18A13DDD1CC8DC3A00F1AE32 /* EMNetworkMonitorDefs.h */,
				18A13DDE1CC8DC3A00F1AE32 /* ErrorManager */,
			);
			path = Utility;
			sourceTree = "<group>";
		};
		18A13DD21CC8DC3A00F1AE32 /* EMDeviceManager */ = {
			isa = PBXGroup;
			children = (
				18A13DD31CC8DC3A00F1AE32 /* delegates */,
				18A13DD91CC8DC3A00F1AE32 /* EMDeviceManagerDefs.h */,
				18A13DDA1CC8DC3A00F1AE32 /* IDeviceManager.h */,
				18A13DDB1CC8DC3A00F1AE32 /* internal */,
			);
			path = EMDeviceManager;
			sourceTree = "<group>";
		};
		18A13DD31CC8DC3A00F1AE32 /* delegates */ = {
			isa = PBXGroup;
			children = (
				18A13DD41CC8DC3A00F1AE32 /* IDeviceManagerDelegate.h */,
				18A13DD51CC8DC3A00F1AE32 /* internal */,
			);
			path = delegates;
			sourceTree = "<group>";
		};
		18A13DD51CC8DC3A00F1AE32 /* internal */ = {
			isa = PBXGroup;
			children = (
				18A13DD61CC8DC3A00F1AE32 /* EMDeviceManagerDelegate.h */,
				18A13DD71CC8DC3A00F1AE32 /* EMDeviceManagerDelegateBase.h */,
				18A13DD81CC8DC3A00F1AE32 /* EMDeviceManagerNetworkDelegate.h */,
			);
			path = internal;
			sourceTree = "<group>";
		};
		18A13DDB1CC8DC3A00F1AE32 /* internal */ = {
			isa = PBXGroup;
			children = (
				18A13DDC1CC8DC3A00F1AE32 /* IDeviceManagerBase.h */,
			);
			path = internal;
			sourceTree = "<group>";
		};
		18A13DDE1CC8DC3A00F1AE32 /* ErrorManager */ = {
			isa = PBXGroup;
			children = (
				18A13DDF1CC8DC3A00F1AE32 /* EMError.h */,
				18A13DE01CC8DC3A00F1AE32 /* EMErrorDefs.h */,
			);
			path = ErrorManager;
			sourceTree = "<group>";
		};
		18A13DE11CC8DC3A00F1AE32 /* lib */ = {
			isa = PBXGroup;
			children = (
				18A13DE21CC8DC3A00F1AE32 /* libEaseMobClientSDK.a */,
				18A13DE31CC8DC3A00F1AE32 /* libEaseMobClientSDKLite.a */,
			);
			path = lib;
			sourceTree = "<group>";
		};
		18A13DE41CC8DC3A00F1AE32 /* resources */ = {
			isa = PBXGroup;
			children = (
				18A13DE51CC8DC3A00F1AE32 /* EaseMob.bundle */,
			);
			path = resources;
			sourceTree = "<group>";
		};
		18A13DF91CC8E14D00F1AE32 /* DWMLoginAndRegister */ = {
			isa = PBXGroup;
			children = (
				18A13DFA1CC8E17300F1AE32 /* DWMRegisterUser.h */,
				18A13DFB1CC8E17300F1AE32 /* DWMRegisterUser.m */,
				18A13DFD1CC8E18900F1AE32 /* DWMLoginUser.h */,
				18A13DFE1CC8E18900F1AE32 /* DWMLoginUser.m */,
				18A13E001CC8E42200F1AE32 /* DWMLoginViewController.h */,
				18A13E011CC8E42200F1AE32 /* DWMLoginViewController.m */,
				18A13E021CC8E42200F1AE32 /* DWMLoginViewController.xib */,
			);
			path = DWMLoginAndRegister;
			sourceTree = "<group>";
		};
		A11891C31CC767ED00C6673B = {
			isa = PBXGroup;
			children = (
				18A13D021CC8D55E00F1AE32 /* libs */,
				A11891CE1CC767ED00C6673B /* DWM-IM */,
				A11891E81CC767EE00C6673B /* DWM-IMTests */,
				A11891F31CC767EE00C6673B /* DWM-IMUITests */,
				A11891CD1CC767ED00C6673B /* Products */,
			);
			sourceTree = "<group>";
		};
		A11891CD1CC767ED00C6673B /* Products */ = {
			isa = PBXGroup;
			children = (
				A11891CC1CC767ED00C6673B /* DWM-IM.app */,
				A11891E51CC767EE00C6673B /* DWM-IMTests.xctest */,
				A11891F01CC767EE00C6673B /* DWM-IMUITests.xctest */,
			);
			name = Products;
			sourceTree = "<group>";
		};
		A11891CE1CC767ED00C6673B /* DWM-IM */ = {
			isa = PBXGroup;
			children = (
				18A13D751CC8D6B100F1AE32 /* Classes */,
				A11891D51CC767ED00C6673B /* ViewController.h */,
				A11891D61CC767ED00C6673B /* ViewController.m */,
				A11891D81CC767ED00C6673B /* Main.storyboard */,
				A11891DB1CC767EE00C6673B /* Assets.xcassets */,
				A11891DD1CC767EE00C6673B /* LaunchScreen.storyboard */,
				A11891E01CC767EE00C6673B /* Info.plist */,
				A11891CF1CC767ED00C6673B /* Supporting Files */,
			);
			path = "DWM-IM";
			sourceTree = "<group>";
		};
		A11891CF1CC767ED00C6673B /* Supporting Files */ = {
			isa = PBXGroup;
			children = (
				A11891D21CC767ED00C6673B /* AppDelegate.h */,
				A11891D31CC767ED00C6673B /* AppDelegate.m */,
				A11891D01CC767ED00C6673B /* main.m */,
				18A13D761CC8D6C800F1AE32 /* PrefixHeader.pch */,
			);
			name = "Supporting Files";
			sourceTree = "<group>";
		};
		A11891E81CC767EE00C6673B /* DWM-IMTests */ = {
			isa = PBXGroup;
			children = (
				A11891E91CC767EE00C6673B /* DWM_IMTests.m */,
				A11891EB1CC767EE00C6673B /* Info.plist */,
			);
			path = "DWM-IMTests";
			sourceTree = "<group>";
		};
		A11891F31CC767EE00C6673B /* DWM-IMUITests */ = {
			isa = PBXGroup;
			children = (
				A11891F41CC767EE00C6673B /* DWM_IMUITests.m */,
				A11891F61CC767EE00C6673B /* Info.plist */,
			);
			path = "DWM-IMUITests";
			sourceTree = "<group>";
		};
/* End PBXGroup section */

/* Begin PBXNativeTarget section */
		A11891CB1CC767ED00C6673B /* DWM-IM */ = {
			isa = PBXNativeTarget;
			buildConfigurationList = A11891F91CC767EE00C6673B /* Build configuration list for PBXNativeTarget "DWM-IM" */;
			buildPhases = (
				A11891C81CC767ED00C6673B /* Sources */,
				A11891C91CC767ED00C6673B /* Frameworks */,
				A11891CA1CC767ED00C6673B /* Resources */,
			);
			buildRules = (
			);
			dependencies = (
			);
			name = "DWM-IM";
			productName = "DWM-IM";
			productReference = A11891CC1CC767ED00C6673B /* DWM-IM.app */;
			productType = "com.apple.product-type.application";
		};
		A11891E41CC767EE00C6673B /* DWM-IMTests */ = {
			isa = PBXNativeTarget;
			buildConfigurationList = A11891FC1CC767EE00C6673B /* Build configuration list for PBXNativeTarget "DWM-IMTests" */;
			buildPhases = (
				A11891E11CC767EE00C6673B /* Sources */,
				A11891E21CC767EE00C6673B /* Frameworks */,
				A11891E31CC767EE00C6673B /* Resources */,
			);
			buildRules = (
			);
			dependencies = (
				A11891E71CC767EE00C6673B /* PBXTargetDependency */,
			);
			name = "DWM-IMTests";
			productName = "DWM-IMTests";
			productReference = A11891E51CC767EE00C6673B /* DWM-IMTests.xctest */;
			productType = "com.apple.product-type.bundle.unit-test";
		};
		A11891EF1CC767EE00C6673B /* DWM-IMUITests */ = {
			isa = PBXNativeTarget;
			buildConfigurationList = A11891FF1CC767EE00C6673B /* Build configuration list for PBXNativeTarget "DWM-IMUITests" */;
			buildPhases = (
				A11891EC1CC767EE00C6673B /* Sources */,
				A11891ED1CC767EE00C6673B /* Frameworks */,
				A11891EE1CC767EE00C6673B /* Resources */,
			);
			buildRules = (
			);
			dependencies = (
				A11891F21CC767EE00C6673B /* PBXTargetDependency */,
			);
			name = "DWM-IMUITests";
			productName = "DWM-IMUITests";
			productReference = A11891F01CC767EE00C6673B /* DWM-IMUITests.xctest */;
			productType = "com.apple.product-type.bundle.ui-testing";
		};
/* End PBXNativeTarget section */

/* Begin PBXProject section */
		A11891C41CC767ED00C6673B /* Project object */ = {
			isa = PBXProject;
			attributes = {
				CLASSPREFIX = DWM;
				LastUpgradeCheck = 0710;
				TargetAttributes = {
					A11891CB1CC767ED00C6673B = {
						CreatedOnToolsVersion = 7.1;
					};
					A11891E41CC767EE00C6673B = {
						CreatedOnToolsVersion = 7.1;
						TestTargetID = A11891CB1CC767ED00C6673B;
					};
					A11891EF1CC767EE00C6673B = {
						CreatedOnToolsVersion = 7.1;
						TestTargetID = A11891CB1CC767ED00C6673B;
					};
				};
			};
			buildConfigurationList = A11891C71CC767ED00C6673B /* Build configuration list for PBXProject "DWM-IM" */;
			compatibilityVersion = "Xcode 3.2";
			developmentRegion = English;
			hasScannedForEncodings = 0;
			knownRegions = (
				en,
				Base,
			);
			mainGroup = A11891C31CC767ED00C6673B;
			productRefGroup = A11891CD1CC767ED00C6673B /* Products */;
			projectDirPath = "";
			projectRoot = "";
			targets = (
				A11891CB1CC767ED00C6673B /* DWM-IM */,
				A11891E41CC767EE00C6673B /* DWM-IMTests */,
				A11891EF1CC767EE00C6673B /* DWM-IMUITests */,
			);
		};
/* End PBXProject section */

/* Begin PBXResourcesBuildPhase section */
		A11891CA1CC767ED00C6673B /* Resources */ = {
			isa = PBXResourcesBuildPhase;
			buildActionMask = 2147483647;
			files = (
				A11891DF1CC767EE00C6673B /* LaunchScreen.storyboard in Resources */,
				18A13E041CC8E42200F1AE32 /* DWMLoginViewController.xib in Resources */,
				A11891DC1CC767EE00C6673B /* Assets.xcassets in Resources */,
				18A13DE81CC8DC3A00F1AE32 /* EaseMob.bundle in Resources */,
				A11891DA1CC767ED00C6673B /* Main.storyboard in Resources */,
			);
			runOnlyForDeploymentPostprocessing = 0;
		};
		A11891E31CC767EE00C6673B /* Resources */ = {
			isa = PBXResourcesBuildPhase;
			buildActionMask = 2147483647;
			files = (
			);
			runOnlyForDeploymentPostprocessing = 0;
		};
		A11891EE1CC767EE00C6673B /* Resources */ = {
			isa = PBXResourcesBuildPhase;
			buildActionMask = 2147483647;
			files = (
			);
			runOnlyForDeploymentPostprocessing = 0;
		};
/* End PBXResourcesBuildPhase section */

/* Begin PBXSourcesBuildPhase section */
		A11891C81CC767ED00C6673B /* Sources */ = {
			isa = PBXSourcesBuildPhase;
			buildActionMask = 2147483647;
			files = (
				18A13DFC1CC8E17400F1AE32 /* DWMRegisterUser.m in Sources */,
				18A13E031CC8E42200F1AE32 /* DWMLoginViewController.m in Sources */,
				18A13DFF1CC8E18900F1AE32 /* DWMLoginUser.m in Sources */,
				A11891D71CC767ED00C6673B /* ViewController.m in Sources */,
				A11891D41CC767ED00C6673B /* AppDelegate.m in Sources */,
				A11891D11CC767ED00C6673B /* main.m in Sources */,
			);
			runOnlyForDeploymentPostprocessing = 0;
		};
		A11891E11CC767EE00C6673B /* Sources */ = {
			isa = PBXSourcesBuildPhase;
			buildActionMask = 2147483647;
			files = (
				A11891EA1CC767EE00C6673B /* DWM_IMTests.m in Sources */,
			);
			runOnlyForDeploymentPostprocessing = 0;
		};
		A11891EC1CC767EE00C6673B /* Sources */ = {
			isa = PBXSourcesBuildPhase;
			buildActionMask = 2147483647;
			files = (
				A11891F51CC767EE00C6673B /* DWM_IMUITests.m in Sources */,
			);
			runOnlyForDeploymentPostprocessing = 0;
		};
/* End PBXSourcesBuildPhase section */

/* Begin PBXTargetDependency section */
		A11891E71CC767EE00C6673B /* PBXTargetDependency */ = {
			isa = PBXTargetDependency;
			target = A11891CB1CC767ED00C6673B /* DWM-IM */;
			targetProxy = A11891E61CC767EE00C6673B /* PBXContainerItemProxy */;
		};
		A11891F21CC767EE00C6673B /* PBXTargetDependency */ = {
			isa = PBXTargetDependency;
			target = A11891CB1CC767ED00C6673B /* DWM-IM */;
			targetProxy = A11891F11CC767EE00C6673B /* PBXContainerItemProxy */;
		};
/* End PBXTargetDependency section */

/* Begin PBXVariantGroup section */
		A11891D81CC767ED00C6673B /* Main.storyboard */ = {
			isa = PBXVariantGroup;
			children = (
				A11891D91CC767ED00C6673B /* Base */,
			);
			name = Main.storyboard;
			sourceTree = "<group>";
		};
		A11891DD1CC767EE00C6673B /* LaunchScreen.storyboard */ = {
			isa = PBXVariantGroup;
			children = (
				A11891DE1CC767EE00C6673B /* Base */,
			);
			name = LaunchScreen.storyboard;
			sourceTree = "<group>";
		};
/* End PBXVariantGroup section */

/* Begin XCBuildConfiguration section */
		A11891F71CC767EE00C6673B /* Debug */ = {
			isa = XCBuildConfiguration;
			buildSettings = {
				ALWAYS_SEARCH_USER_PATHS = NO;
				CLANG_CXX_LANGUAGE_STANDARD = "gnu++0x";
				CLANG_CXX_LIBRARY = "libc++";
				CLANG_ENABLE_MODULES = YES;
				CLANG_ENABLE_OBJC_ARC = YES;
				CLANG_WARN_BOOL_CONVERSION = YES;
				CLANG_WARN_CONSTANT_CONVERSION = YES;
				CLANG_WARN_DIRECT_OBJC_ISA_USAGE = YES_ERROR;
				CLANG_WARN_EMPTY_BODY = YES;
				CLANG_WARN_ENUM_CONVERSION = YES;
				CLANG_WARN_INT_CONVERSION = YES;
				CLANG_WARN_OBJC_ROOT_CLASS = YES_ERROR;
				CLANG_WARN_UNREACHABLE_CODE = YES;
				CLANG_WARN__DUPLICATE_METHOD_MATCH = YES;
				"CODE_SIGN_IDENTITY[sdk=iphoneos*]" = "iPhone Developer";
				COPY_PHASE_STRIP = NO;
				DEBUG_INFORMATION_FORMAT = dwarf;
				ENABLE_STRICT_OBJC_MSGSEND = YES;
				ENABLE_TESTABILITY = YES;
				GCC_C_LANGUAGE_STANDARD = gnu99;
				GCC_DYNAMIC_NO_PIC = NO;
				GCC_NO_COMMON_BLOCKS = YES;
				GCC_OPTIMIZATION_LEVEL = 0;
				GCC_PREPROCESSOR_DEFINITIONS = (
					"DEBUG=1",
					"$(inherited)",
				);
				GCC_WARN_64_TO_32_BIT_CONVERSION = YES;
				GCC_WARN_ABOUT_RETURN_TYPE = YES_ERROR;
				GCC_WARN_UNDECLARED_SELECTOR = YES;
				GCC_WARN_UNINITIALIZED_AUTOS = YES_AGGRESSIVE;
				GCC_WARN_UNUSED_FUNCTION = YES;
				GCC_WARN_UNUSED_VARIABLE = YES;
				IPHONEOS_DEPLOYMENT_TARGET = 9.0;
				MTL_ENABLE_DEBUG_INFO = YES;
				ONLY_ACTIVE_ARCH = YES;
				SDKROOT = iphoneos;
				TARGETED_DEVICE_FAMILY = "1,2";
			};
			name = Debug;
		};
		A11891F81CC767EE00C6673B /* Release */ = {
			isa = XCBuildConfiguration;
			buildSettings = {
				ALWAYS_SEARCH_USER_PATHS = NO;
				CLANG_CXX_LANGUAGE_STANDARD = "gnu++0x";
				CLANG_CXX_LIBRARY = "libc++";
				CLANG_ENABLE_MODULES = YES;
				CLANG_ENABLE_OBJC_ARC = YES;
				CLANG_WARN_BOOL_CONVERSION = YES;
				CLANG_WARN_CONSTANT_CONVERSION = YES;
				CLANG_WARN_DIRECT_OBJC_ISA_USAGE = YES_ERROR;
				CLANG_WARN_EMPTY_BODY = YES;
				CLANG_WARN_ENUM_CONVERSION = YES;
				CLANG_WARN_INT_CONVERSION = YES;
				CLANG_WARN_OBJC_ROOT_CLASS = YES_ERROR;
				CLANG_WARN_UNREACHABLE_CODE = YES;
				CLANG_WARN__DUPLICATE_METHOD_MATCH = YES;
				"CODE_SIGN_IDENTITY[sdk=iphoneos*]" = "iPhone Developer";
				COPY_PHASE_STRIP = NO;
				DEBUG_INFORMATION_FORMAT = "dwarf-with-dsym";
				ENABLE_NS_ASSERTIONS = NO;
				ENABLE_STRICT_OBJC_MSGSEND = YES;
				GCC_C_LANGUAGE_STANDARD = gnu99;
				GCC_NO_COMMON_BLOCKS = YES;
				GCC_WARN_64_TO_32_BIT_CONVERSION = YES;
				GCC_WARN_ABOUT_RETURN_TYPE = YES_ERROR;
				GCC_WARN_UNDECLARED_SELECTOR = YES;
				GCC_WARN_UNINITIALIZED_AUTOS = YES_AGGRESSIVE;
				GCC_WARN_UNUSED_FUNCTION = YES;
				GCC_WARN_UNUSED_VARIABLE = YES;
				IPHONEOS_DEPLOYMENT_TARGET = 9.0;
				MTL_ENABLE_DEBUG_INFO = NO;
				SDKROOT = iphoneos;
				TARGETED_DEVICE_FAMILY = "1,2";
				VALIDATE_PRODUCT = YES;
			};
			name = Release;
		};
		A11891FA1CC767EE00C6673B /* Debug */ = {
			isa = XCBuildConfiguration;
			buildSettings = {
				ASSETCATALOG_COMPILER_APPICON_NAME = AppIcon;
				ENABLE_BITCODE = NO;
				GCC_PREFIX_HEADER = "$(PRODUCT_NAME)/PrefixHeader.pch";
				INFOPLIST_FILE = "DWM-IM/Info.plist";
				IPHONEOS_DEPLOYMENT_TARGET = 9.0;
				LD_RUNPATH_SEARCH_PATHS = "$(inherited) @executable_path/Frameworks";
				LIBRARY_SEARCH_PATHS = (
					"$(inherited)",
					"$(PROJECT_DIR)/libs/EaseMobSDK/lib",
				);
				OTHER_LDFLAGS = (
					"-force_load",
					"\"$(SRCROOT)/libs/EaseMobSDK/lib/libEaseMobClientSDK.a\"",
				);
				PRODUCT_BUNDLE_IDENTIFIER = "ddasdsadas.DWM-IM";
				PRODUCT_NAME = "$(TARGET_NAME)";
			};
			name = Debug;
		};
		A11891FB1CC767EE00C6673B /* Release */ = {
			isa = XCBuildConfiguration;
			buildSettings = {
				ASSETCATALOG_COMPILER_APPICON_NAME = AppIcon;
				ENABLE_BITCODE = NO;
				GCC_PREFIX_HEADER = "$(PRODUCT_NAME)/PrefixHeader.pch";
				INFOPLIST_FILE = "DWM-IM/Info.plist";
				IPHONEOS_DEPLOYMENT_TARGET = 9.0;
				LD_RUNPATH_SEARCH_PATHS = "$(inherited) @executable_path/Frameworks";
				LIBRARY_SEARCH_PATHS = (
					"$(inherited)",
					"$(PROJECT_DIR)/libs/EaseMobSDK/lib",
				);
				OTHER_LDFLAGS = (
					"-force_load",
					"\"$(SRCROOT)/libs/EaseMobSDK/lib/libEaseMobClientSDK.a\"",
				);
				PRODUCT_BUNDLE_IDENTIFIER = "ddasdsadas.DWM-IM";
				PRODUCT_NAME = "$(TARGET_NAME)";
			};
			name = Release;
		};
		A11891FD1CC767EE00C6673B /* Debug */ = {
			isa = XCBuildConfiguration;
			buildSettings = {
				BUNDLE_LOADER = "$(TEST_HOST)";
				INFOPLIST_FILE = "DWM-IMTests/Info.plist";
				LD_RUNPATH_SEARCH_PATHS = "$(inherited) @executable_path/Frameworks @loader_path/Frameworks";
				PRODUCT_BUNDLE_IDENTIFIER = "ddasdsadas.DWM-IMTests";
				PRODUCT_NAME = "$(TARGET_NAME)";
				TEST_HOST = "$(BUILT_PRODUCTS_DIR)/DWM-IM.app/DWM-IM";
			};
			name = Debug;
		};
		A11891FE1CC767EE00C6673B /* Release */ = {
			isa = XCBuildConfiguration;
			buildSettings = {
				BUNDLE_LOADER = "$(TEST_HOST)";
				INFOPLIST_FILE = "DWM-IMTests/Info.plist";
				LD_RUNPATH_SEARCH_PATHS = "$(inherited) @executable_path/Frameworks @loader_path/Frameworks";
				PRODUCT_BUNDLE_IDENTIFIER = "ddasdsadas.DWM-IMTests";
				PRODUCT_NAME = "$(TARGET_NAME)";
				TEST_HOST = "$(BUILT_PRODUCTS_DIR)/DWM-IM.app/DWM-IM";
			};
			name = Release;
		};
		A11892001CC767EE00C6673B /* Debug */ = {
			isa = XCBuildConfiguration;
			buildSettings = {
				INFOPLIST_FILE = "DWM-IMUITests/Info.plist";
				LD_RUNPATH_SEARCH_PATHS = "$(inherited) @executable_path/Frameworks @loader_path/Frameworks";
				PRODUCT_BUNDLE_IDENTIFIER = "ddasdsadas.DWM-IMUITests";
				PRODUCT_NAME = "$(TARGET_NAME)";
				TEST_TARGET_NAME = "DWM-IM";
				USES_XCTRUNNER = YES;
			};
			name = Debug;
		};
		A11892011CC767EE00C6673B /* Release */ = {
			isa = XCBuildConfiguration;
			buildSettings = {
				INFOPLIST_FILE = "DWM-IMUITests/Info.plist";
				LD_RUNPATH_SEARCH_PATHS = "$(inherited) @executable_path/Frameworks @loader_path/Frameworks";
				PRODUCT_BUNDLE_IDENTIFIER = "ddasdsadas.DWM-IMUITests";
				PRODUCT_NAME = "$(TARGET_NAME)";
				TEST_TARGET_NAME = "DWM-IM";
				USES_XCTRUNNER = YES;
			};
			name = Release;
		};
/* End XCBuildConfiguration section */

/* Begin XCConfigurationList section */
		A11891C71CC767ED00C6673B /* Build configuration list for PBXProject "DWM-IM" */ = {
			isa = XCConfigurationList;
			buildConfigurations = (
				A11891F71CC767EE00C6673B /* Debug */,
				A11891F81CC767EE00C6673B /* Release */,
			);
			defaultConfigurationIsVisible = 0;
			defaultConfigurationName = Release;
		};
		A11891F91CC767EE00C6673B /* Build configuration list for PBXNativeTarget "DWM-IM" */ = {
			isa = XCConfigurationList;
			buildConfigurations = (
				A11891FA1CC767EE00C6673B /* Debug */,
				A11891FB1CC767EE00C6673B /* Release */,
			);
			defaultConfigurationIsVisible = 0;
			defaultConfigurationName = Release;
		};
		A11891FC1CC767EE00C6673B /* Build configuration list for PBXNativeTarget "DWM-IMTests" */ = {
			isa = XCConfigurationList;
			buildConfigurations = (
				A11891FD1CC767EE00C6673B /* Debug */,
				A11891FE1CC767EE00C6673B /* Release */,
			);
			defaultConfigurationIsVisible = 0;
			defaultConfigurationName = Release;
		};
		A11891FF1CC767EE00C6673B /* Build configuration list for PBXNativeTarget "DWM-IMUITests" */ = {
			isa = XCConfigurationList;
			buildConfigurations = (
				A11892001CC767EE00C6673B /* Debug */,
				A11892011CC767EE00C6673B /* Release */,
			);
			defaultConfigurationIsVisible = 0;
			defaultConfigurationName = Release;
		};
/* End XCConfigurationList section */
	};
	rootObject = A11891C41CC767ED00C6673B /* Project object */;
}
